github.com/atrox/haikunatorgo/v2 v2.0.1 h1:FCVx2KL2YvZtI1rI9WeEHxeLRrKGr0Dd4wfCJiUXupc=
github.com/atrox/haikunatorgo/v2 v2.0.1/go.mod h1:BBQmx2o+1Z5poziaHRgddAZKOpijwfKdAmMnSYlFK70=
github.com/boltdb/bolt v1.3.1 h1:JQmyP4ZBrce+ZQu0dY660FMfatumYDLun9hBCUVIkF4=
github.com/boltdb/bolt v1.3.1/go.mod h1:clJnj/oiGkjum5o1McbSZDSLxVThjynRyGBgiAx27Ps=
github.com/boltdb/boltd v0.0.0-20150220181201-1f04e2021e45 h1:ep0QrTbZFgXa8e4lTAdd/NPY9ZiSP/ysDf26+UNPogo=
github.com/boltdb/boltd v0.0.0-20150220181201-1f04e2021e45/go.mod h1:512MO8jN3usqrPdyZ8YtG6vLsQ8wGV5W9cykDwCy1WI=
github.com/gorilla/mux v1.7.3 h1:gnP5JzjVOuiZD07fKKToCAOjS0yOpj/qPETTXCCS6hw=
github.com/gorilla/mux v1.7.3/go.mod h1:1lud6UwP+6orDFRuTfBEV8e9/aOM/c4fVVCaMa2zaAs=
golang.org/x/sys v0.0.0-20190215142949-d0b11bdaac8a h1:1BGLXjeY4akVXGgbC9HugT3Jv3hCI0z56oJR5vAMgBU=
golang.org/x/sys v0.0.0-20190215142949-d0b11bdaac8a/go.mod h1:STP8DvDyc/dI5b8T5hshtkjS+E42TnysNCUPdjciGhY=
